Microsoft Visual Studio Solution File, Format Version 12.00
# Visual Studio Version 17
VisualStudioVersion = 17.5.2.0
MinimumVisualStudioVersion = 10.0.40219.1
Project("{FAE04EC0-301F-11D3-BF4B-00C04F79EFBC}") = "lowerBulletWeight", "lowerBulletWeight.csproj", "{EB1E9770-9356-E069-FA7D-440B3D57FD22}"
EndProject
Global
	GlobalSection(SolutionConfigurationPlatforms) = preSolution
		Debug|Any CPU = Debug|Any CPU
		Release|Any CPU = Release|Any CPU
	EndGlobalSection
	GlobalSection(ProjectConfigurationPlatforms) = postSolution
		{EB1E9770-9356-E069-FA7D-440B3D57FD22}.Debug|Any CPU.ActiveCfg = Debug|Any CPU
		{EB1E9770-9356-E069-FA7D-440B3D57FD22}.Debug|Any CPU.Build.0 = Debug|Any CPU
		{EB1E9770-9356-E069-FA7D-440B3D57FD22}.Release|Any CPU.ActiveCfg = Release|Any CPU
		{EB1E9770-9356-E069-FA7D-440B3D57FD22}.Release|Any CPU.Build.0 = Release|Any CPU
	EndGlobalSection
	GlobalSection(SolutionProperties) = preSolution
		HideSolutionNode = FALSE
	EndGlobalSection
	GlobalSection(ExtensibilityGlobals) = postSolution
		SolutionGuid = {FE034980-6ACE-4F2F-AD0C-CE4720FA8443}
	EndGlobalSection
EndGlobal
